
Microsoft Visual Studio Solution File, Format Version 12.00
# Visual Studio Version 16
VisualStudioVersion = 16.0.33920.266
MinimumVisualStudioVersion = 10.0.40219.1
Project("{FAE04EC0-301F-11D3-BF4B-00C04F79EFBC}") = "DataAccess", "DataAccess\DataAccess.csproj", "{218141D4-E8F7-44E9-AAA8-0318890BBE9E}"
EndProject
Project("{FAE04EC0-301F-11D3-BF4B-00C04F79EFBC}") = "CommonLibs", "CommonLibs\CommonLibs.csproj", "{EDB771E1-EF84-4FE5-A297-E25071019FAF}"
EndProject
Project("{FAE04EC0-301F-11D3-BF4B-00C04F79EFBC}") = "CSharpBasic", "CSharpBasic\CSharpBasic.csproj", "{4AA6A189-2C43-4DE9-8F19-7FC5780CA227}"
EndProject
Global
	GlobalSection(SolutionConfigurationPlatforms) = preSolution
		Debug|Any CPU = Debug|Any CPU
		Release|Any CPU = Release|Any CPU
	EndGlobalSection
	GlobalSection(ProjectConfigurationPlatforms) = postSolution
		{218141D4-E8F7-44E9-AAA8-0318890BBE9E}.Debug|Any CPU.ActiveCfg = Debug|Any CPU
		{218141D4-E8F7-44E9-AAA8-0318890BBE9E}.Debug|Any CPU.Build.0 = Debug|Any CPU
		{218141D4-E8F7-44E9-AAA8-0318890BBE9E}.Release|Any CPU.ActiveCfg = Release|Any CPU
		{218141D4-E8F7-44E9-AAA8-0318890BBE9E}.Release|Any CPU.Build.0 = Release|Any CPU
		{EDB771E1-EF84-4FE5-A297-E25071019FAF}.Debug|Any CPU.ActiveCfg = Debug|Any CPU
		{EDB771E1-EF84-4FE5-A297-E25071019FAF}.Debug|Any CPU.Build.0 = Debug|Any CPU
		{EDB771E1-EF84-4FE5-A297-E25071019FAF}.Release|Any CPU.ActiveCfg = Release|Any CPU
		{EDB771E1-EF84-4FE5-A297-E25071019FAF}.Release|Any CPU.Build.0 = Release|Any CPU
		{4AA6A189-2C43-4DE9-8F19-7FC5780CA227}.Debug|Any CPU.ActiveCfg = Debug|Any CPU
		{4AA6A189-2C43-4DE9-8F19-7FC5780CA227}.Debug|Any CPU.Build.0 = Debug|Any CPU
		{4AA6A189-2C43-4DE9-8F19-7FC5780CA227}.Release|Any CPU.ActiveCfg = Release|Any CPU
		{4AA6A189-2C43-4DE9-8F19-7FC5780CA227}.Release|Any CPU.Build.0 = Release|Any CPU
	EndGlobalSection
	GlobalSection(SolutionProperties) = preSolution
		HideSolutionNode = FALSE
	EndGlobalSection
	GlobalSection(ExtensibilityGlobals) = postSolution
		SolutionGuid = {CF2A6687-71C9-4FC8-8E47-3A09B4546F84}
	EndGlobalSection
EndGlobal
